{
  "name": "Proyecto-Restaurante",
  "lockfileVersion": 2,
  "requires": true,
  "packages": {
    "": {
      "dependencies": {
        "startbootstrap-sb-admin-2": "^3.3.7"
      }
    },
    "node_modules/startbootstrap-sb-admin-2": {
      "version": "3.3.7",
      "resolved": "https://registry.npmjs.org/startbootstrap-sb-admin-2/-/startbootstrap-sb-admin-2-3.3.7.tgz",
      "integrity": "sha512-HtfR1hgwPiK6NEB9U2wQg/LUGx6g9aRkuBxT2lKBXLPkbYu3ygqCzA9dLUXUMK/+wjGiGvyTfpjyuNPIUpFH6w=="
    }
  },
  "dependencies": {
    "startbootstrap-sb-admin-2": {
      "version": "3.3.7",
      "resolved": "https://registry.npmjs.org/startbootstrap-sb-admin-2/-/startbootstrap-sb-admin-2-3.3.7.tgz",
      "integrity": "sha512-HtfR1hgwPiK6NEB9U2wQg/LUGx6g9aRkuBxT2lKBXLPkbYu3ygqCzA9dLUXUMK/+wjGiGvyTfpjyuNPIUpFH6w=="
    }
  }
}
